// !$*UTF8*$!
{
	archiveVersion = 1;
	classes = {
	};
	objectVersion = 55;
	objects = {

/* Begin PBXBuildFile section */
		C5182ADC295587190042682F /* CollectionViewCell.xib in Resources */ = {isa = PBXBuildFile; fileRef = C5182AD8295587190042682F /* CollectionViewCell.xib */; };
		C5182ADD295587190042682F /* UIColor+Extensions.swift in Sources */ = {isa = PBXBuildFile; fileRef = C5182AD9295587190042682F /* UIColor+Extensions.swift */; };
		C5182ADE295587190042682F /* CollectionViewController.swift in Sources */ = {isa = PBXBuildFile; fileRef = C5182ADA295587190042682F /* CollectionViewController.swift */; };
		C5182ADF295587190042682F /* CollectionViewCell.swift in Sources */ = {isa = PBXBuildFile; fileRef = C5182ADB295587190042682F /* CollectionViewCell.swift */; };
		C5182AE129558BFE0042682F /* DiceRollViewController.swift in Sources */ = {isa = PBXBuildFile; fileRef = C5182AE029558BFE0042682F /* DiceRollViewController.swift */; };
		C5833A80295455AA0029B620 /* tails2.gif in Resources */ = {isa = PBXBuildFile; fileRef = C5833A7F295455A90029B620 /* tails2.gif */; };
		C5833A8229545B010029B620 /* 3.gif in Resources */ = {isa = PBXBuildFile; fileRef = C5833A8129545B000029B620 /* 3.gif */; };
		C5833A84295473F70029B620 /* heads.gif in Resources */ = {isa = PBXBuildFile; fileRef = C5833A83295473F70029B620 /* heads.gif */; };
		C5B5E2B4294C503D0023339E /* SpinViewController.swift in Sources */ = {isa = PBXBuildFile; fileRef = C5B5E2B3294C503D0023339E /* SpinViewController.swift */; };
		C5B5E2B6294C8FA40023339E /* Click.mp3 in Resources */ = {isa = PBXBuildFile; fileRef = C5B5E2B5294C8FA40023339E /* Click.mp3 */; };
		C5B5E2B8294C9E810023339E /* Tick.mp3 in Resources */ = {isa = PBXBuildFile; fileRef = C5B5E2B7294C9E810023339E /* Tick.mp3 */; };
		C5B5E2BA29504F150023339E /* JoystickViewController.swift in Sources */ = {isa = PBXBuildFile; fileRef = C5B5E2B929504F150023339E /* JoystickViewController.swift */; };
		C5B5E2BC29504F8C0023339E /* SettingsViewController.swift in Sources */ = {isa = PBXBuildFile; fileRef = C5B5E2BB29504F8C0023339E /* SettingsViewController.swift */; };
		C5B5E2E22950807C0023339E /* DataModel.xcdatamodeld in Sources */ = {isa = PBXBuildFile; fileRef = C5B5E2E02950807B0023339E /* DataModel.xcdatamodeld */; };
		C5B5E2E429509B710023339E /* MainViewController.swift in Sources */ = {isa = PBXBuildFile; fileRef = C5B5E2E329509B710023339E /* MainViewController.swift */; };
		C5B5E2E729509CA60023339E /* CustomCollectionViewCell.swift in Sources */ = {isa = PBXBuildFile; fileRef = C5B5E2E529509CA50023339E /* CustomCollectionViewCell.swift */; };
		C5B5E2E829509CA60023339E /* CustomCollectionViewCell.xib in Resources */ = {isa = PBXBuildFile; fileRef = C5B5E2E629509CA50023339E /* CustomCollectionViewCell.xib */; };
		C5B5E2EA295333290023339E /* CoinFlipViewController.swift in Sources */ = {isa = PBXBuildFile; fileRef = C5B5E2E9295333290023339E /* CoinFlipViewController.swift */; };
		C5B5E2EC29533CBF0023339E /* giphy.gif in Resources */ = {isa = PBXBuildFile; fileRef = C5B5E2EB29533CBF0023339E /* giphy.gif */; };
		C5D820AF2930F21A0023F3B3 /* AppDelegate.swift in Sources */ = {isa = PBXBuildFile; fileRef = C5D820AE2930F21A0023F3B3 /* AppDelegate.swift */; };
		C5D820B12930F21A0023F3B3 /* SceneDelegate.swift in Sources */ = {isa = PBXBuildFile; fileRef = C5D820B02930F21A0023F3B3 /* SceneDelegate.swift */; };
		C5D820B62930F21A0023F3B3 /* Main.storyboard in Resources */ = {isa = PBXBuildFile; fileRef = C5D820B42930F21A0023F3B3 /* Main.storyboard */; };
		C5D820B82930F21C0023F3B3 /* Assets.xcassets in Resources */ = {isa = PBXBuildFile; fileRef = C5D820B72930F21C0023F3B3 /* Assets.xcassets */; };
		C5D820BB2930F21C0023F3B3 /* LaunchScreen.storyboard in Resources */ = {isa = PBXBuildFile; fileRef = C5D820B92930F21C0023F3B3 /* LaunchScreen.storyboard */; };
		C5D93C94294B3E89008586F2 /* SwiftFortuneWheel in Frameworks */ = {isa = PBXBuildFile; productRef = C5D93C93294B3E89008586F2 /* SwiftFortuneWheel */; };
/* End PBXBuildFile section */

/* Begin PBXFileReference section */
		C5182AD8295587190042682F /* CollectionViewCell.xib */ = {isa = PBXFileReference; fileEncoding = 4; lastKnownFileType = file.xib; path = CollectionViewCell.xib; sourceTree = "<group>"; };
		C5182AD9295587190042682F /* UIColor+Extensions.swift */ = {isa = PBXFileReference; fileEncoding = 4; lastKnownFileType = sourcecode.swift; path = "UIColor+Extensions.swift"; sourceTree = "<group>"; };
		C5182ADA295587190042682F /* CollectionViewController.swift */ = {isa = PBXFileReference; fileEncoding = 4; lastKnownFileType = sourcecode.swift; path = CollectionViewController.swift; sourceTree = "<group>"; };
		C5182ADB295587190042682F /* CollectionViewCell.swift */ = {isa = PBXFileReference; fileEncoding = 4; lastKnownFileType = sourcecode.swift; path = CollectionViewCell.swift; sourceTree = "<group>"; };
		C5182AE029558BFE0042682F /* DiceRollViewController.swift */ = {isa = PBXFileReference; lastKnownFileType = sourcecode.swift; path = DiceRollViewController.swift; sourceTree = "<group>"; };
		C5833A7F295455A90029B620 /* tails2.gif */ = {isa = PBXFileReference; lastKnownFileType = image.gif; path = tails2.gif; sourceTree = "<group>"; };
		C5833A8129545B000029B620 /* 3.gif */ = {isa = PBXFileReference; lastKnownFileType = image.gif; path = 3.gif; sourceTree = "<group>"; };
		C5833A83295473F70029B620 /* heads.gif */ = {isa = PBXFileReference; lastKnownFileType = image.gif; path = heads.gif; sourceTree = "<group>"; };
		C5B5E2B3294C503D0023339E /* SpinViewController.swift */ = {isa = PBXFileReference; lastKnownFileType = sourcecode.swift; path = SpinViewController.swift; sourceTree = "<group>"; };
		C5B5E2B5294C8FA40023339E /* Click.mp3 */ = {isa = PBXFileReference; lastKnownFileType = audio.mp3; path = Click.mp3; sourceTree = "<group>"; };
		C5B5E2B7294C9E810023339E /* Tick.mp3 */ = {isa = PBXFileReference; lastKnownFileType = audio.mp3; path = Tick.mp3; sourceTree = "<group>"; };
		C5B5E2B929504F150023339E /* JoystickViewController.swift */ = {isa = PBXFileReference; lastKnownFileType = sourcecode.swift; path = JoystickViewController.swift; sourceTree = "<group>"; };
		C5B5E2BB29504F8C0023339E /* SettingsViewController.swift */ = {isa = PBXFileReference; lastKnownFileType = sourcecode.swift; path = SettingsViewController.swift; sourceTree = "<group>"; };
		C5B5E2E12950807B0023339E /* DataModel.xcdatamodel */ = {isa = PBXFileReference; lastKnownFileType = wrapper.xcdatamodel; path = DataModel.xcdatamodel; sourceTree = "<group>"; };
		C5B5E2E329509B710023339E /* MainViewController.swift */ = {isa = PBXFileReference; lastKnownFileType = sourcecode.swift; path = MainViewController.swift; sourceTree = "<group>"; };
		C5B5E2E529509CA50023339E /* CustomCollectionViewCell.swift */ = {isa = PBXFileReference; fileEncoding = 4; lastKnownFileType = sourcecode.swift; path = CustomCollectionViewCell.swift; sourceTree = "<group>"; };
		C5B5E2E629509CA50023339E /* CustomCollectionViewCell.xib */ = {isa = PBXFileReference; fileEncoding = 4; lastKnownFileType = file.xib; path = CustomCollectionViewCell.xib; sourceTree = "<group>"; };
		C5B5E2E9295333290023339E /* CoinFlipViewController.swift */ = {isa = PBXFileReference; lastKnownFileType = sourcecode.swift; path = CoinFlipViewController.swift; sourceTree = "<group>"; };
		C5B5E2EB29533CBF0023339E /* giphy.gif */ = {isa = PBXFileReference; lastKnownFileType = image.gif; name = giphy.gif; path = Assets.xcassets/giphy.gif; sourceTree = "<group>"; };
		C5D820AB2930F21A0023F3B3 /* selector.app */ = {isa = PBXFileReference; explicitFileType = wrapper.application; includeInIndex = 0; path = selector.app; sourceTree = BUILT_PRODUCTS_DIR; };
		C5D820AE2930F21A0023F3B3 /* AppDelegate.swift */ = {isa = PBXFileReference; lastKnownFileType = sourcecode.swift; path = AppDelegate.swift; sourceTree = "<group>"; };
		C5D820B02930F21A0023F3B3 /* SceneDelegate.swift */ = {isa = PBXFileReference; lastKnownFileType = sourcecode.swift; path = SceneDelegate.swift; sourceTree = "<group>"; };
		C5D820B52930F21A0023F3B3 /* Base */ = {isa = PBXFileReference; lastKnownFileType = file.storyboard; name = Base; path = Base.lproj/Main.storyboard; sourceTree = "<group>"; };
		C5D820B72930F21C0023F3B3 /* Assets.xcassets */ = {isa = PBXFileReference; lastKnownFileType = folder.assetcatalog; path = Assets.xcassets; sourceTree = "<group>"; };
		C5D820BA2930F21C0023F3B3 /* Base */ = {isa = PBXFileReference; lastKnownFileType = file.storyboard; name = Base; path = Base.lproj/LaunchScreen.storyboard; sourceTree = "<group>"; };
		C5D820BC2930F21C0023F3B3 /* Info.plist */ = {isa = PBXFileReference; lastKnownFileType = text.plist.xml; path = Info.plist; sourceTree = "<group>"; };
/* End PBXFileReference section */

/* Begin PBXFrameworksBuildPhase section */
		C5D820A82930F21A0023F3B3 /* Frameworks */ = {
			isa = PBXFrameworksBuildPhase;
			buildActionMask = 2147483647;
			files = (
				C5D93C94294B3E89008586F2 /* SwiftFortuneWheel in Frameworks */,
			);
			runOnlyForDeploymentPostprocessing = 0;
		};
/* End PBXFrameworksBuildPhase section */

/* Begin PBXGroup section */
		C5D820A22930F21A0023F3B3 = {
			isa = PBXGroup;
			children = (
				C5D820AD2930F21A0023F3B3 /* selector */,
				C5D820AC2930F21A0023F3B3 /* Products */,
			);
			sourceTree = "<group>";
		};
		C5D820AC2930F21A0023F3B3 /* Products */ = {
			isa = PBXGroup;
			children = (
				C5D820AB2930F21A0023F3B3 /* selector.app */,
			);
			name = Products;
			sourceTree = "<group>";
		};
		C5D820AD2930F21A0023F3B3 /* selector */ = {
			isa = PBXGroup;
			children = (
				C5D820AE2930F21A0023F3B3 /* AppDelegate.swift */,
				C5D820B02930F21A0023F3B3 /* SceneDelegate.swift */,
				C5182ADB295587190042682F /* CollectionViewCell.swift */,
				C5182AD8295587190042682F /* CollectionViewCell.xib */,
				C5182ADA295587190042682F /* CollectionViewController.swift */,
				C5182AD9295587190042682F /* UIColor+Extensions.swift */,
				C5D820B42930F21A0023F3B3 /* Main.storyboard */,
				C5D820B72930F21C0023F3B3 /* Assets.xcassets */,
				C5B5E2B5294C8FA40023339E /* Click.mp3 */,
				C5B5E2B7294C9E810023339E /* Tick.mp3 */,
				C5D820B92930F21C0023F3B3 /* LaunchScreen.storyboard */,
				C5D820BC2930F21C0023F3B3 /* Info.plist */,
				C5833A7F295455A90029B620 /* tails2.gif */,
				C5B5E2EB29533CBF0023339E /* giphy.gif */,
				C5B5E2B3294C503D0023339E /* SpinViewController.swift */,
				C5B5E2B929504F150023339E /* JoystickViewController.swift */,
				C5833A83295473F70029B620 /* heads.gif */,
				C5833A8129545B000029B620 /* 3.gif */,
				C5B5E2BB29504F8C0023339E /* SettingsViewController.swift */,
				C5B5E2E529509CA50023339E /* CustomCollectionViewCell.swift */,
				C5B5E2E629509CA50023339E /* CustomCollectionViewCell.xib */,
				C5B5E2E02950807B0023339E /* DataModel.xcdatamodeld */,
				C5B5E2E329509B710023339E /* MainViewController.swift */,
				C5B5E2E9295333290023339E /* CoinFlipViewController.swift */,
				C5182AE029558BFE0042682F /* DiceRollViewController.swift */,
			);
			path = selector;
			sourceTree = "<group>";
		};
/* End PBXGroup section */

/* Begin PBXNativeTarget section */
		C5D820AA2930F21A0023F3B3 /* selector */ = {
			isa = PBXNativeTarget;
			buildConfigurationList = C5D820BF2930F21C0023F3B3 /* Build configuration list for PBXNativeTarget "selector" */;
			buildPhases = (
				C5D820A72930F21A0023F3B3 /* Sources */,
				C5D820A82930F21A0023F3B3 /* Frameworks */,
				C5D820A92930F21A0023F3B3 /* Resources */,
			);
			buildRules = (
			);
			dependencies = (
			);
			name = selector;
			packageProductDependencies = (
				C5D93C93294B3E89008586F2 /* SwiftFortuneWheel */,
			);
			productName = selector;
			productReference = C5D820AB2930F21A0023F3B3 /* selector.app */;
			productType = "com.apple.product-type.application";
		};
/* End PBXNativeTarget section */

/* Begin PBXProject section */
		C5D820A32930F21A0023F3B3 /* Project object */ = {
			isa = PBXProject;
			attributes = {
				BuildIndependentTargetsInParallel = 1;
				LastSwiftUpdateCheck = 1340;
				LastUpgradeCheck = 1340;
				TargetAttributes = {
					C5D820AA2930F21A0023F3B3 = {
						CreatedOnToolsVersion = 13.4.1;
					};
				};
			};
			buildConfigurationList = C5D820A62930F21A0023F3B3 /* Build configuration list for PBXProject "selector" */;
			compatibilityVersion = "Xcode 13.0";
			developmentRegion = en;
			hasScannedForEncodings = 0;
			knownRegions = (
				en,
				Base,
			);
			mainGroup = C5D820A22930F21A0023F3B3;
			packageReferences = (
				C5D93C92294B3E88008586F2 /* XCRemoteSwiftPackageReference "SwiftFortuneWheel" */,
			);
			productRefGroup = C5D820AC2930F21A0023F3B3 /* Products */;
			projectDirPath = "";
			projectRoot = "";
			targets = (
				C5D820AA2930F21A0023F3B3 /* selector */,
			);
		};
/* End PBXProject section */

/* Begin PBXResourcesBuildPhase section */
		C5D820A92930F21A0023F3B3 /* Resources */ = {
			isa = PBXResourcesBuildPhase;
			buildActionMask = 2147483647;
			files = (
				C5833A8229545B010029B620 /* 3.gif in Resources */,
				C5B5E2EC29533CBF0023339E /* giphy.gif in Resources */,
				C5182ADC295587190042682F /* CollectionViewCell.xib in Resources */,
				C5D820BB2930F21C0023F3B3 /* LaunchScreen.storyboard in Resources */,
				C5B5E2E829509CA60023339E /* CustomCollectionViewCell.xib in Resources */,
				C5B5E2B6294C8FA40023339E /* Click.mp3 in Resources */,
				C5B5E2B8294C9E810023339E /* Tick.mp3 in Resources */,
				C5D820B82930F21C0023F3B3 /* Assets.xcassets in Resources */,
				C5D820B62930F21A0023F3B3 /* Main.storyboard in Resources */,
				C5833A84295473F70029B620 /* heads.gif in Resources */,
				C5833A80295455AA0029B620 /* tails2.gif in Resources */,
			);
			runOnlyForDeploymentPostprocessing = 0;
		};
/* End PBXResourcesBuildPhase section */

/* Begin PBXSourcesBuildPhase section */
		C5D820A72930F21A0023F3B3 /* Sources */ = {
			isa = PBXSourcesBuildPhase;
			buildActionMask = 2147483647;
			files = (
				C5B5E2E429509B710023339E /* MainViewController.swift in Sources */,
				C5182ADD295587190042682F /* UIColor+Extensions.swift in Sources */,
				C5182ADF295587190042682F /* CollectionViewCell.swift in Sources */,
				C5B5E2B4294C503D0023339E /* SpinViewController.swift in Sources */,
				C5D820AF2930F21A0023F3B3 /* AppDelegate.swift in Sources */,
				C5B5E2EA295333290023339E /* CoinFlipViewController.swift in Sources */,
				C5B5E2E729509CA60023339E /* CustomCollectionViewCell.swift in Sources */,
				C5B5E2BA29504F150023339E /* JoystickViewController.swift in Sources */,
				C5B5E2E22950807C0023339E /* DataModel.xcdatamodeld in Sources */,
				C5B5E2BC29504F8C0023339E /* SettingsViewController.swift in Sources */,
				C5D820B12930F21A0023F3B3 /* SceneDelegate.swift in Sources */,
				C5182AE129558BFE0042682F /* DiceRollViewController.swift in Sources */,
				C5182ADE295587190042682F /* CollectionViewController.swift in Sources */,
			);
			runOnlyForDeploymentPostprocessing = 0;
		};
/* End PBXSourcesBuildPhase section */

/* Begin PBXVariantGroup section */
		C5D820B42930F21A0023F3B3 /* Main.storyboard */ = {
			isa = PBXVariantGroup;
			children = (
				C5D820B52930F21A0023F3B3 /* Base */,
			);
			name = Main.storyboard;
			sourceTree = "<group>";
		};
		C5D820B92930F21C0023F3B3 /* LaunchScreen.storyboard */ = {
			isa = PBXVariantGroup;
			children = (
				C5D820BA2930F21C0023F3B3 /* Base */,
			);
			name = LaunchScreen.storyboard;
			sourceTree = "<group>";
		};
/* End PBXVariantGroup section */

/* Begin XCBuildConfiguration section */
		C5D820BD2930F21C0023F3B3 /* Debug */ = {
			isa = XCBuildConfiguration;
			buildSettings = {
				ALWAYS_SEARCH_USER_PATHS = NO;
				CLANG_ANALYZER_NONNULL = YES;
				CLANG_ANALYZER_NUMBER_OBJECT_CONVERSION = YES_AGGRESSIVE;
				CLANG_CXX_LANGUAGE_STANDARD = "gnu++17";
				CLANG_ENABLE_MODULES = YES;
				CLANG_ENABLE_OBJC_ARC = YES;
				CLANG_ENABLE_OBJC_WEAK = YES;
				CLANG_WARN_BLOCK_CAPTURE_AUTORELEASING = YES;
				CLANG_WARN_BOOL_CONVERSION = YES;
				CLANG_WARN_COMMA = YES;
				CLANG_WARN_CONSTANT_CONVERSION = YES;
				CLANG_WARN_DEPRECATED_OBJC_IMPLEMENTATIONS = YES;
				CLANG_WARN_DIRECT_OBJC_ISA_USAGE = YES_ERROR;
				CLANG_WARN_DOCUMENTATION_COMMENTS = YES;
				CLANG_WARN_EMPTY_BODY = YES;
				CLANG_WARN_ENUM_CONVERSION = YES;
				CLANG_WARN_INFINITE_RECURSION = YES;
				CLANG_WARN_INT_CONVERSION = YES;
				CLANG_WARN_NON_LITERAL_NULL_CONVERSION = YES;
				CLANG_WARN_OBJC_IMPLICIT_RETAIN_SELF = YES;
				CLANG_WARN_OBJC_LITERAL_CONVERSION = YES;
				CLANG_WARN_OBJC_ROOT_CLASS = YES_ERROR;
				CLANG_WARN_QUOTED_INCLUDE_IN_FRAMEWORK_HEADER = YES;
				CLANG_WARN_RANGE_LOOP_ANALYSIS = YES;
				CLANG_WARN_STRICT_PROTOTYPES = YES;
				CLANG_WARN_SUSPICIOUS_MOVE = YES;
				CLANG_WARN_UNGUARDED_AVAILABILITY = YES_AGGRESSIVE;
				CLANG_WARN_UNREACHABLE_CODE = YES;
				CLANG_WARN__DUPLICATE_METHOD_MATCH = YES;
				COPY_PHASE_STRIP = NO;
				DEBUG_INFORMATION_FORMAT = dwarf;
				ENABLE_STRICT_OBJC_MSGSEND = YES;
				ENABLE_TESTABILITY = YES;
				GCC_C_LANGUAGE_STANDARD = gnu11;
				GCC_DYNAMIC_NO_PIC = NO;
				GCC_NO_COMMON_BLOCKS = YES;
				GCC_OPTIMIZATION_LEVEL = 0;
				GCC_PREPROCESSOR_DEFINITIONS = (
					"DEBUG=1",
					"$(inherited)",
				);
				GCC_WARN_64_TO_32_BIT_CONVERSION = YES;
				GCC_WARN_ABOUT_RETURN_TYPE = YES_ERROR;
				GCC_WARN_UNDECLARED_SELECTOR = YES;
				GCC_WARN_UNINITIALIZED_AUTOS = YES_AGGRESSIVE;
				GCC_WARN_UNUSED_FUNCTION = YES;
				GCC_WARN_UNUSED_VARIABLE = YES;
				IPHONEOS_DEPLOYMENT_TARGET = 15.5;
				MTL_ENABLE_DEBUG_INFO = INCLUDE_SOURCE;
				MTL_FAST_MATH = YES;
				ONLY_ACTIVE_ARCH = YES;
				SDKROOT = iphoneos;
				SWIFT_ACTIVE_COMPILATION_CONDITIONS = DEBUG;
				SWIFT_OPTIMIZATION_LEVEL = "-Onone";
			};
			name = Debug;
		};
		C5D820BE2930F21C0023F3B3 /* Release */ = {
			isa = XCBuildConfiguration;
			buildSettings = {
				ALWAYS_SEARCH_USER_PATHS = NO;
				CLANG_ANALYZER_NONNULL = YES;
				CLANG_ANALYZER_NUMBER_OBJECT_CONVERSION = YES_AGGRESSIVE;
				CLANG_CXX_LANGUAGE_STANDARD = "gnu++17";
				CLANG_ENABLE_MODULES = YES;
				CLANG_ENABLE_OBJC_ARC = YES;
				CLANG_ENABLE_OBJC_WEAK = YES;
				CLANG_WARN_BLOCK_CAPTURE_AUTORELEASING = YES;
				CLANG_WARN_BOOL_CONVERSION = YES;
				CLANG_WARN_COMMA = YES;
				CLANG_WARN_CONSTANT_CONVERSION = YES;
				CLANG_WARN_DEPRECATED_OBJC_IMPLEMENTATIONS = YES;
				CLANG_WARN_DIRECT_OBJC_ISA_USAGE = YES_ERROR;
				CLANG_WARN_DOCUMENTATION_COMMENTS = YES;
				CLANG_WARN_EMPTY_BODY = YES;
				CLANG_WARN_ENUM_CONVERSION = YES;
				CLANG_WARN_INFINITE_RECURSION = YES;
				CLANG_WARN_INT_CONVERSION = YES;
				CLANG_WARN_NON_LITERAL_NULL_CONVERSION = YES;
				CLANG_WARN_OBJC_IMPLICIT_RETAIN_SELF = YES;
				CLANG_WARN_OBJC_LITERAL_CONVERSION = YES;
				CLANG_WARN_OBJC_ROOT_CLASS = YES_ERROR;
				CLANG_WARN_QUOTED_INCLUDE_IN_FRAMEWORK_HEADER = YES;
				CLANG_WARN_RANGE_LOOP_ANALYSIS = YES;
				CLANG_WARN_STRICT_PROTOTYPES = YES;
				CLANG_WARN_SUSPICIOUS_MOVE = YES;
				CLANG_WARN_UNGUARDED_AVAILABILITY = YES_AGGRESSIVE;
				CLANG_WARN_UNREACHABLE_CODE = YES;
				CLANG_WARN__DUPLICATE_METHOD_MATCH = YES;
				COPY_PHASE_STRIP = NO;
				DEBUG_INFORMATION_FORMAT = "dwarf-with-dsym";
				ENABLE_NS_ASSERTIONS = NO;
				ENABLE_STRICT_OBJC_MSGSEND = YES;
				GCC_C_LANGUAGE_STANDARD = gnu11;
				GCC_NO_COMMON_BLOCKS = YES;
				GCC_WARN_64_TO_32_BIT_CONVERSION = YES;
				GCC_WARN_ABOUT_RETURN_TYPE = YES_ERROR;
				GCC_WARN_UNDECLARED_SELECTOR = YES;
				GCC_WARN_UNINITIALIZED_AUTOS = YES_AGGRESSIVE;
				GCC_WARN_UNUSED_FUNCTION = YES;
				GCC_WARN_UNUSED_VARIABLE = YES;
				IPHONEOS_DEPLOYMENT_TARGET = 15.5;
				MTL_ENABLE_DEBUG_INFO = NO;
				MTL_FAST_MATH = YES;
				SDKROOT = iphoneos;
				SWIFT_COMPILATION_MODE = wholemodule;
				SWIFT_OPTIMIZATION_LEVEL = "-O";
				VALIDATE_PRODUCT = YES;
			};
			name = Release;
		};
		C5D820C02930F21C0023F3B3 /* Debug */ = {
			isa = XCBuildConfiguration;
			buildSettings = {
				ASSETCATALOG_COMPILER_APPICON_NAME = AppIcon;
				ASSETCATALOG_COMPILER_GLOBAL_ACCENT_COLOR_NAME = AccentColor;
				CODE_SIGN_STYLE = Automatic;
				CURRENT_PROJECT_VERSION = 1;
				DEVELOPMENT_TEAM = 6395AB75Y5;
				GENERATE_INFOPLIST_FILE = YES;
				INFOPLIST_FILE = selector/Info.plist;
				INFOPLIST_KEY_UIApplicationSupportsIndirectInputEvents = YES;
				INFOPLIST_KEY_UILaunchStoryboardName = LaunchScreen;
				INFOPLIST_KEY_UIMainStoryboardFile = Main;
				INFOPLIST_KEY_UISupportedInterfaceOrientations_iPad = "UIInterfaceOrientationPortrait UIInterfaceOrientationPortraitUpsideDown UIInterfaceOrientationLandscapeLeft UIInterfaceOrientationLandscapeRight";
				INFOPLIST_KEY_UISupportedInterfaceOrientations_iPhone = "UIInterfaceOrientationPortrait UIInterfaceOrientationLandscapeLeft UIInterfaceOrientationLandscapeRight";
				LD_RUNPATH_SEARCH_PATHS = (
					"$(inherited)",
					"@executable_path/Frameworks",
				);
				MARKETING_VERSION = 1.0;
				PRODUCT_BUNDLE_IDENTIFIER = com.sametkoyuncu.selector;
				PRODUCT_NAME = "$(TARGET_NAME)";
				SWIFT_EMIT_LOC_STRINGS = YES;
				SWIFT_VERSION = 5.0;
				TARGETED_DEVICE_FAMILY = "1,2";
			};
			name = Debug;
		};
		C5D820C12930F21C0023F3B3 /* Release */ = {
			isa = XCBuildConfiguration;
			buildSettings = {
				ASSETCATALOG_COMPILER_APPICON_NAME = AppIcon;
				ASSETCATALOG_COMPILER_GLOBAL_ACCENT_COLOR_NAME = AccentColor;
				CODE_SIGN_STYLE = Automatic;
				CURRENT_PROJECT_VERSION = 1;
				DEVELOPMENT_TEAM = 6395AB75Y5;
				GENERATE_INFOPLIST_FILE = YES;
				INFOPLIST_FILE = selector/Info.plist;
				INFOPLIST_KEY_UIApplicationSupportsIndirectInputEvents = YES;
				INFOPLIST_KEY_UILaunchStoryboardName = LaunchScreen;
				INFOPLIST_KEY_UIMainStoryboardFile = Main;
				INFOPLIST_KEY_UISupportedInterfaceOrientations_iPad = "UIInterfaceOrientationPortrait UIInterfaceOrientationPortraitUpsideDown UIInterfaceOrientationLandscapeLeft UIInterfaceOrientationLandscapeRight";
				INFOPLIST_KEY_UISupportedInterfaceOrientations_iPhone = "UIInterfaceOrientationPortrait UIInterfaceOrientationLandscapeLeft UIInterfaceOrientationLandscapeRight";
				LD_RUNPATH_SEARCH_PATHS = (
					"$(inherited)",
					"@executable_path/Frameworks",
				);
				MARKETING_VERSION = 1.0;
				PRODUCT_BUNDLE_IDENTIFIER = com.sametkoyuncu.selector;
				PRODUCT_NAME = "$(TARGET_NAME)";
				SWIFT_EMIT_LOC_STRINGS = YES;
				SWIFT_VERSION = 5.0;
				TARGETED_DEVICE_FAMILY = "1,2";
			};
			name = Release;
		};
/* End XCBuildConfiguration section */

/* Begin XCConfigurationList section */
		C5D820A62930F21A0023F3B3 /* Build configuration list for PBXProject "selector" */ = {
			isa = XCConfigurationList;
			buildConfigurations = (
				C5D820BD2930F21C0023F3B3 /* Debug */,
				C5D820BE2930F21C0023F3B3 /* Release */,
			);
			defaultConfigurationIsVisible = 0;
			defaultConfigurationName = Release;
		};
		C5D820BF2930F21C0023F3B3 /* Build configuration list for PBXNativeTarget "selector" */ = {
			isa = XCConfigurationList;
			buildConfigurations = (
				C5D820C02930F21C0023F3B3 /* Debug */,
				C5D820C12930F21C0023F3B3 /* Release */,
			);
			defaultConfigurationIsVisible = 0;
			defaultConfigurationName = Release;
		};
/* End XCConfigurationList section */

/* Begin XCRemoteSwiftPackageReference section */
		C5D93C92294B3E88008586F2 /* XCRemoteSwiftPackageReference "SwiftFortuneWheel" */ = {
			isa = XCRemoteSwiftPackageReference;
			repositoryURL = "https://github.com/sh-khashimov/SwiftFortuneWheel.git";
			requirement = {
				kind = upToNextMajorVersion;
				minimumVersion = 1.0.0;
			};
		};
/* End XCRemoteSwiftPackageReference section */

/* Begin XCSwiftPackageProductDependency section */
		C5D93C93294B3E89008586F2 /* SwiftFortuneWheel */ = {
			isa = XCSwiftPackageProductDependency;
			package = C5D93C92294B3E88008586F2 /* XCRemoteSwiftPackageReference "SwiftFortuneWheel" */;
			productName = SwiftFortuneWheel;
		};
/* End XCSwiftPackageProductDependency section */

/* Begin XCVersionGroup section */
		C5B5E2E02950807B0023339E /* DataModel.xcdatamodeld */ = {
			isa = XCVersionGroup;
			children = (
				C5B5E2E12950807B0023339E /* DataModel.xcdatamodel */,
			);
			currentVersion = C5B5E2E12950807B0023339E /* DataModel.xcdatamodel */;
			path = DataModel.xcdatamodeld;
			sourceTree = "<group>";
			versionGroupType = wrapper.xcdatamodel;
		};
/* End XCVersionGroup section */
	};
	rootObject = C5D820A32930F21A0023F3B3 /* Project object */;
}
